
Microsoft Visual Studio Solution File, Format Version 12.00
# Visual Studio Version 16
VisualStudioVersion = 16.0.30503.244
MinimumVisualStudioVersion = 10.0.40219.1
Project("{FAE04EC0-301F-11D3-BF4B-00C04F79EFBC}") = "TriviaGame", "TriviaGame\TriviaGame.csproj", "{B7A2C9F5-5818-47C6-AF9D-3CA4960A9B22}"
EndProject
Project("{FAE04EC0-301F-11D3-BF4B-00C04F79EFBC}") = "TriviaGameTests", "TriviaGameTests\TriviaGameTests.csproj", "{E258E278-8D6E-4A9D-AFDC-1865EAD56113}"
EndProject
Global
	GlobalSection(SolutionConfigurationPlatforms) = preSolution
		Debug|Any CPU = Debug|Any CPU
		Release|Any CPU = Release|Any CPU
	EndGlobalSection
	GlobalSection(ProjectConfigurationPlatforms) = postSolution
		{B7A2C9F5-5818-47C6-AF9D-3CA4960A9B22}.Debug|Any CPU.ActiveCfg = Debug|Any CPU
		{B7A2C9F5-5818-47C6-AF9D-3CA4960A9B22}.Debug|Any CPU.Build.0 = Debug|Any CPU
		{B7A2C9F5-5818-47C6-AF9D-3CA4960A9B22}.Release|Any CPU.ActiveCfg = Release|Any CPU
		{B7A2C9F5-5818-47C6-AF9D-3CA4960A9B22}.Release|Any CPU.Build.0 = Release|Any CPU
		{E258E278-8D6E-4A9D-AFDC-1865EAD56113}.Debug|Any CPU.ActiveCfg = Debug|Any CPU
		{E258E278-8D6E-4A9D-AFDC-1865EAD56113}.Debug|Any CPU.Build.0 = Debug|Any CPU
		{E258E278-8D6E-4A9D-AFDC-1865EAD56113}.Release|Any CPU.ActiveCfg = Release|Any CPU
		{E258E278-8D6E-4A9D-AFDC-1865EAD56113}.Release|Any CPU.Build.0 = Release|Any CPU
	EndGlobalSection
	GlobalSection(SolutionProperties) = preSolution
		HideSolutionNode = FALSE
	EndGlobalSection
	GlobalSection(ExtensibilityGlobals) = postSolution
		SolutionGuid = {A9934E7B-A7C5-4A00-9410-E34A229F87FA}
	EndGlobalSection
EndGlobal
